
Microsoft Visual Studio Solution File, Format Version 12.00
# Visual Studio Version 16
VisualStudioVersion = 16.0.31515.178
MinimumVisualStudioVersion = 10.0.40219.1
Project("{FAE04EC0-301F-11D3-BF4B-00C04F79EFBC}") = "DeliveryEF.Data", "DeliveryEF.Data\DeliveryEF.Data.csproj", "{58008BCD-B3FD-4760-976F-337D8F9874A1}"
EndProject
Project("{FAE04EC0-301F-11D3-BF4B-00C04F79EFBC}") = "DeliveryEF.Domain", "DeliveryEF.Domain\DeliveryEF.Domain.csproj", "{B3BA131E-8712-4A5B-88BD-75A7207E0B75}"
EndProject
Project("{FAE04EC0-301F-11D3-BF4B-00C04F79EFBC}") = "DeliveryEF.UI", "DeliveryEF.UI\DeliveryEF.UI.csproj", "{6CDFC04B-1336-41EF-BE93-7E1A54BF9835}"
EndProject
Global
	GlobalSection(SolutionConfigurationPlatforms) = preSolution
		Debug|Any CPU = Debug|Any CPU
		Release|Any CPU = Release|Any CPU
	EndGlobalSection
	GlobalSection(ProjectConfigurationPlatforms) = postSolution
		{58008BCD-B3FD-4760-976F-337D8F9874A1}.Debug|Any CPU.ActiveCfg = Debug|Any CPU
		{58008BCD-B3FD-4760-976F-337D8F9874A1}.Debug|Any CPU.Build.0 = Debug|Any CPU
		{58008BCD-B3FD-4760-976F-337D8F9874A1}.Release|Any CPU.ActiveCfg = Release|Any CPU
		{58008BCD-B3FD-4760-976F-337D8F9874A1}.Release|Any CPU.Build.0 = Release|Any CPU
		{B3BA131E-8712-4A5B-88BD-75A7207E0B75}.Debug|Any CPU.ActiveCfg = Debug|Any CPU
		{B3BA131E-8712-4A5B-88BD-75A7207E0B75}.Debug|Any CPU.Build.0 = Debug|Any CPU
		{B3BA131E-8712-4A5B-88BD-75A7207E0B75}.Release|Any CPU.ActiveCfg = Release|Any CPU
		{B3BA131E-8712-4A5B-88BD-75A7207E0B75}.Release|Any CPU.Build.0 = Release|Any CPU
		{6CDFC04B-1336-41EF-BE93-7E1A54BF9835}.Debug|Any CPU.ActiveCfg = Debug|Any CPU
		{6CDFC04B-1336-41EF-BE93-7E1A54BF9835}.Debug|Any CPU.Build.0 = Debug|Any CPU
		{6CDFC04B-1336-41EF-BE93-7E1A54BF9835}.Release|Any CPU.ActiveCfg = Release|Any CPU
		{6CDFC04B-1336-41EF-BE93-7E1A54BF9835}.Release|Any CPU.Build.0 = Release|Any CPU
	EndGlobalSection
	GlobalSection(SolutionProperties) = preSolution
		HideSolutionNode = FALSE
	EndGlobalSection
	GlobalSection(ExtensibilityGlobals) = postSolution
		SolutionGuid = {1AA0EC19-8CD6-47AB-A562-660468B7BBE6}
	EndGlobalSection
EndGlobal
