
Microsoft Visual Studio Solution File, Format Version 12.00
# Visual Studio Version 16
VisualStudioVersion = 16.0.31613.86
MinimumVisualStudioVersion = 10.0.40219.1
Project("{9A19103F-16F7-4668-BE54-9A1E7A4F7556}") = "AspMyDelivery.API", "AspMyDelivery\AspMyDelivery.API.csproj", "{5353A9EA-7402-4E7C-AA18-0BE928BB1A0F}"
EndProject
Project("{9A19103F-16F7-4668-BE54-9A1E7A4F7556}") = "AspMyDelivery.Data", "..\..\EntityFramework\DeliveryEF\DeliveryEF.Data\AspMyDelivery.Data.csproj", "{049E8882-1AB1-4416-B5AE-D202CAF34800}"
EndProject
Project("{9A19103F-16F7-4668-BE54-9A1E7A4F7556}") = "AspMyDelivery.Domain", "..\..\EntityFramework\DeliveryEF\DeliveryEF.Domain\AspMyDelivery.Domain.csproj", "{B21403E0-85D9-4CCA-99E7-7160A95680A2}"
EndProject
Project("{9A19103F-16F7-4668-BE54-9A1E7A4F7556}") = "AspMyDelivery.BLL", "..\..\mydelivery\mydelivery\AspMyDelivery.BLL.csproj", "{588387B8-D580-4EA0-952D-9EE81AFF6EE7}"
EndProject
Global
	GlobalSection(SolutionConfigurationPlatforms) = preSolution
		Debug|Any CPU = Debug|Any CPU
		Release|Any CPU = Release|Any CPU
	EndGlobalSection
	GlobalSection(ProjectConfigurationPlatforms) = postSolution
		{5353A9EA-7402-4E7C-AA18-0BE928BB1A0F}.Debug|Any CPU.ActiveCfg = Debug|Any CPU
		{5353A9EA-7402-4E7C-AA18-0BE928BB1A0F}.Debug|Any CPU.Build.0 = Debug|Any CPU
		{5353A9EA-7402-4E7C-AA18-0BE928BB1A0F}.Release|Any CPU.ActiveCfg = Release|Any CPU
		{5353A9EA-7402-4E7C-AA18-0BE928BB1A0F}.Release|Any CPU.Build.0 = Release|Any CPU
		{049E8882-1AB1-4416-B5AE-D202CAF34800}.Debug|Any CPU.ActiveCfg = Debug|Any CPU
		{049E8882-1AB1-4416-B5AE-D202CAF34800}.Debug|Any CPU.Build.0 = Debug|Any CPU
		{049E8882-1AB1-4416-B5AE-D202CAF34800}.Release|Any CPU.ActiveCfg = Release|Any CPU
		{049E8882-1AB1-4416-B5AE-D202CAF34800}.Release|Any CPU.Build.0 = Release|Any CPU
		{B21403E0-85D9-4CCA-99E7-7160A95680A2}.Debug|Any CPU.ActiveCfg = Debug|Any CPU
		{B21403E0-85D9-4CCA-99E7-7160A95680A2}.Debug|Any CPU.Build.0 = Debug|Any CPU
		{B21403E0-85D9-4CCA-99E7-7160A95680A2}.Release|Any CPU.ActiveCfg = Release|Any CPU
		{B21403E0-85D9-4CCA-99E7-7160A95680A2}.Release|Any CPU.Build.0 = Release|Any CPU
		{588387B8-D580-4EA0-952D-9EE81AFF6EE7}.Debug|Any CPU.ActiveCfg = Debug|Any CPU
		{588387B8-D580-4EA0-952D-9EE81AFF6EE7}.Debug|Any CPU.Build.0 = Debug|Any CPU
		{588387B8-D580-4EA0-952D-9EE81AFF6EE7}.Release|Any CPU.ActiveCfg = Release|Any CPU
		{588387B8-D580-4EA0-952D-9EE81AFF6EE7}.Release|Any CPU.Build.0 = Release|Any CPU
	EndGlobalSection
	GlobalSection(SolutionProperties) = preSolution
		HideSolutionNode = FALSE
	EndGlobalSection
	GlobalSection(ExtensibilityGlobals) = postSolution
		SolutionGuid = {A7215E86-4AE6-4A51-9384-E264DEF73ED3}
	EndGlobalSection
EndGlobal
