
Microsoft Visual Studio Solution File, Format Version 12.00
# Visual Studio Version 16
VisualStudioVersion = 16.0.31424.327
MinimumVisualStudioVersion = 10.0.40219.1
Project("{FAE04EC0-301F-11D3-BF4B-00C04F79EFBC}") = "Delivery", "Delivery\Delivery.csproj", "{5C370AC1-1DB3-4ECA-B294-7571948142E8}"
EndProject
Global
	GlobalSection(SolutionConfigurationPlatforms) = preSolution
		Debug|Any CPU = Debug|Any CPU
		Release|Any CPU = Release|Any CPU
	EndGlobalSection
	GlobalSection(ProjectConfigurationPlatforms) = postSolution
		{5C370AC1-1DB3-4ECA-B294-7571948142E8}.Debug|Any CPU.ActiveCfg = Debug|Any CPU
		{5C370AC1-1DB3-4ECA-B294-7571948142E8}.Debug|Any CPU.Build.0 = Debug|Any CPU
		{5C370AC1-1DB3-4ECA-B294-7571948142E8}.Release|Any CPU.ActiveCfg = Release|Any CPU
		{5C370AC1-1DB3-4ECA-B294-7571948142E8}.Release|Any CPU.Build.0 = Release|Any CPU
	EndGlobalSection
	GlobalSection(SolutionProperties) = preSolution
		HideSolutionNode = FALSE
	EndGlobalSection
	GlobalSection(ExtensibilityGlobals) = postSolution
		SolutionGuid = {A51903A7-9C2C-40C2-A057-D4122C3C8CFA}
	EndGlobalSection
EndGlobal
